[[package]]
category = "dev"
description = "Atomic file writes."
marker = "sys_platform == \"win32\""
name = "atomicwrites"
optional = false
python-versions = ">=2.7, !=3.0.*, !=3.1.*, !=3.2.*, !=3.3.*"
version = "1.3.0"

[[package]]
category = "main"
description = "Classes Without Boilerplate"
name = "attrs"
optional = false
python-versions = ">=2.7, !=3.0.*, !=3.1.*, !=3.2.*, !=3.3.*"
version = "19.3.0"

[package.extras]
azure-pipelines = ["coverage", "hypothesis", "pympler", "pytest (>=4.3.0)", "six", "zope.interface", "pytest-azurepipelines"]
dev = ["coverage", "hypothesis", "pympler", "pytest (>=4.3.0)", "six", "zope.interface", "sphinx", "pre-commit"]
docs = ["sphinx", "zope.interface"]
tests = ["coverage", "hypothesis", "pympler", "pytest (>=4.3.0)", "six", "zope.interface"]

[[package]]
category = "dev"
description = "Cross-platform colored terminal text."
marker = "sys_platform == \"win32\""
name = "colorama"
optional = false
python-versions = ">=2.7, !=3.0.*, !=3.1.*, !=3.2.*, !=3.3.*"
version = "0.4.1"

[[package]]
category = "main"
description = "a modern parsing library"
name = "lark-parser"
optional = false
python-versions = "*"
version = "0.8.5"

[[package]]
category = "dev"
description = "More routines for operating on iterables, beyond itertools"
name = "more-itertools"
optional = false
python-versions = ">=3.5"
version = "8.0.0"

[[package]]
category = "dev"
description = "Core utilities for Python packages"
name = "packaging"
optional = false
python-versions = ">=2.7, !=3.0.*, !=3.1.*, !=3.2.*, !=3.3.*"
version = "19.2"

[package.dependencies]
pyparsing = ">=2.0.2"
six = "*"

[[package]]
category = "dev"
description = "plugin and hook calling mechanisms for python"
name = "pluggy"
optional = false
python-versions = ">=2.7, !=3.0.*, !=3.1.*, !=3.2.*, !=3.3.*"
version = "0.13.1"

[package.extras]
dev = ["pre-commit", "tox"]

[[package]]
category = "dev"
description = "library with cross-python path, ini-parsing, io, code, log facilities"
name = "py"
optional = false
python-versions = ">=2.7, !=3.0.*, !=3.1.*, !=3.2.*, !=3.3.*"
version = "1.8.0"

[[package]]
category = "dev"
description = "Python parsing module"
name = "pyparsing"
optional = false
python-versions = ">=2.6, !=3.0.*, !=3.1.*, !=3.2.*"
version = "2.4.5"

[[package]]
category = "dev"
description = "pytest: simple powerful testing with Python"
name = "pytest"
optional = false
python-versions = ">=3.5"
version = "5.4.3"

[package.dependencies]
atomicwrites = ">=1.0"
attrs = ">=17.4.0"
colorama = "*"
more-itertools = ">=4.0.0"
packaging = "*"
pluggy = ">=0.12,<1.0"
py = ">=1.5.0"
wcwidth = "*"

[package.extras]
checkqa-mypy = ["mypy (v0.761)"]
testing = ["argcomplete", "hypothesis (>=3.56)", "mock", "nose", "requests", "xmlschema"]

[[package]]
category = "main"
description = "ruamel.yaml is a YAML parser/emitter that supports roundtrip preservation of comments, seq/map flow style, and map key order"
name = "ruamel.yaml"
optional = false
python-versions = "*"
version = "0.16.7"

[package.extras]
docs = ["ryd"]
jinja2 = ["ruamel.yaml.jinja2 (>=0.2)"]

[[package]]
category = "dev"
description = "Python 2 and 3 compatibility utilities"
name = "six"
optional = false
python-versions = ">=2.6, !=3.0.*, !=3.1.*"
version = "1.13.0"

[[package]]
category = "main"
description = "Database Abstraction Library"
name = "sqlalchemy"
optional = false
python-versions = ">=2.7, !=3.0.*, !=3.1.*, !=3.2.*, !=3.3.*"
version = "1.3.11"

[package.extras]
mssql = ["pyodbc"]
mssql_pymssql = ["pymssql"]
mssql_pyodbc = ["pyodbc"]
mysql = ["mysqlclient"]
oracle = ["cx-oracle"]
postgresql = ["psycopg2"]
postgresql_pg8000 = ["pg8000"]
postgresql_psycopg2binary = ["psycopg2-binary"]
postgresql_psycopg2cffi = ["psycopg2cffi"]
pymysql = ["pymysql"]

[[package]]
category = "dev"
description = "Measures number of Terminal column cells of wide-character codes"
name = "wcwidth"
optional = false
python-versions = "*"
version = "0.1.7"

[metadata]
content-hash = "f95206acc60ba90387b1da29d19c3a534d120d0bafd67960d038ff4d6cc3ffd5"
python-versions = "^3.8"

[metadata.files]
atomicwrites = [
    {file = "atomicwrites-1.3.0-py2.py3-none-any.whl", hash = "sha256:03472c30eb2c5d1ba9227e4c2ca66ab8287fbfbbda3888aa93dc2e28fc6811b4"},
    {file = "atomicwrites-1.3.0.tar.gz", hash = "sha256:75a9445bac02d8d058d5e1fe689654ba5a6556a1dfd8ce6ec55a0ed79866cfa6"},
]
attrs = [
    {file = "attrs-19.3.0-py2.py3-none-any.whl", hash = "sha256:08a96c641c3a74e44eb59afb61a24f2cb9f4d7188748e76ba4bb5edfa3cb7d1c"},
    {file = "attrs-19.3.0.tar.gz", hash = "sha256:f7b7ce16570fe9965acd6d30101a28f62fb4a7f9e926b3bbc9b61f8b04247e72"},
]
colorama = [
    {file = "colorama-0.4.1-py2.py3-none-any.whl", hash = "sha256:f8ac84de7840f5b9c4e3347b3c1eaa50f7e49c2b07596221daec5edaabbd7c48"},
    {file = "colorama-0.4.1.tar.gz", hash = "sha256:05eed71e2e327246ad6b38c540c4a3117230b19679b875190486ddd2d721422d"},
]
lark-parser = [
    {file = "lark-parser-0.8.5.tar.gz", hash = "sha256:e3ee17708e310de3a832a9beb448aa60ab6812f1bb283f72d473584c7566cc74"},
    {file = "lark_parser-0.8.5-py2.py3-none-any.whl", hash = "sha256:157879e04628e8e2bd57b72f3ba5642b3919137d5f7058612e95a38fb8761fa7"},
]
more-itertools = [
    {file = "more-itertools-8.0.0.tar.gz", hash = "sha256:53ff73f186307d9c8ef17a9600309154a6ae27f25579e80af4db8f047ba14bc2"},
    {file = "more_itertools-8.0.0-py3-none-any.whl", hash = "sha256:a0ea684c39bc4315ba7aae406596ef191fd84f873d2d2751f84d64e81a7a2d45"},
]
packaging = [
    {file = "packaging-19.2-py2.py3-none-any.whl", hash = "sha256:d9551545c6d761f3def1677baf08ab2a3ca17c56879e70fecba2fc4dde4ed108"},
    {file = "packaging-19.2.tar.gz", hash = "sha256:28b924174df7a2fa32c1953825ff29c61e2f5e082343165438812f00d3a7fc47"},
]
pluggy = [
    {file = "pluggy-0.13.1-py2.py3-none-any.whl", hash = "sha256:966c145cd83c96502c3c3868f50408687b38434af77734af1e9ca461a4081d2d"},
    {file = "pluggy-0.13.1.tar.gz", hash = "sha256:15b2acde666561e1298d71b523007ed7364de07029219b604cf808bfa1c765b0"},
]
py = [
    {file = "py-1.8.0-py2.py3-none-any.whl", hash = "sha256:64f65755aee5b381cea27766a3a147c3f15b9b6b9ac88676de66ba2ae36793fa"},
    {file = "py-1.8.0.tar.gz", hash = "sha256:dc639b046a6e2cff5bbe40194ad65936d6ba360b52b3c3fe1d08a82dd50b5e53"},
]
pyparsing = [
    {file = "pyparsing-2.4.5-py2.py3-none-any.whl", hash = "sha256:20f995ecd72f2a1f4bf6b072b63b22e2eb457836601e76d6e5dfcd75436acc1f"},
    {file = "pyparsing-2.4.5.tar.gz", hash = "sha256:4ca62001be367f01bd3e92ecbb79070272a9d4964dce6a48a82ff0b8bc7e683a"},
]
pytest = [
    {file = "pytest-5.4.3-py3-none-any.whl", hash = "sha256:5c0db86b698e8f170ba4582a492248919255fcd4c79b1ee64ace34301fb589a1"},
    {file = "pytest-5.4.3.tar.gz", hash = "sha256:7979331bfcba207414f5e1263b5a0f8f521d0f457318836a7355531ed1a4c7d8"},
]
"ruamel.yaml" = [
    {file = "ruamel.yaml-0.16.7-py2.py3-none-any.whl", hash = "sha256:dba517a7e330b6caf476b757022d21efa13c32694bfba1e057ce59a374f18f0a"},
    {file = "ruamel.yaml-0.16.7.tar.gz", hash = "sha256:9d59fa89985c55155d35c886663e357813404ae8f94638cb673135b8c8c1a7c7"},
]
six = [
    {file = "six-1.13.0-py2.py3-none-any.whl", hash = "sha256:1f1b7d42e254082a9db6279deae68afb421ceba6158efa6131de7b3003ee93fd"},
    {file = "six-1.13.0.tar.gz", hash = "sha256:30f610279e8b2578cab6db20741130331735c781b56053c59c4076da27f06b66"},
]
sqlalchemy = [
    {file = "SQLAlchemy-1.3.11.tar.gz", hash = "sha256:afa5541e9dea8ad0014251bc9d56171ca3d8b130c9627c6cb3681cff30be3f8a"},
]
wcwidth = [
    {file = "wcwidth-0.1.7-py2.py3-none-any.whl", hash = "sha256:f4ebe71925af7b40a864553f761ed559b43544f8f71746c2d756c7fe788ade7c"},
    {file = "wcwidth-0.1.7.tar.gz", hash = "sha256:3df37372226d6e63e1b1e1eda15c594bca98a22d33a23832a90998faa96bc65e"},
]
